
Microsoft Visual Studio Solution File, Format Version 12.00
# Visual Studio Version 17
VisualStudioVersion = 17.8.34408.163
MinimumVisualStudioVersion = 10.0.40219.1
Project("{FAE04EC0-301F-11D3-BF4B-00C04F79EFBC}") = "Healthhub_Online", "Healthhub_Online\Healthhub_Online.csproj", "{F3F18713-2C1E-47E7-952B-4F08FB19393B}"
EndProject
Project("{FAE04EC0-301F-11D3-BF4B-00C04F79EFBC}") = "UnitTestLogin", "UnitTestLogin\UnitTestLogin.csproj", "{32C923B0-48A8-4BC2-9EE2-8A32A9F11121}"
EndProject
Global
	GlobalSection(SolutionConfigurationPlatforms) = preSolution
		Debug|Any CPU = Debug|Any CPU
		Release|Any CPU = Release|Any CPU
	EndGlobalSection
	GlobalSection(ProjectConfigurationPlatforms) = postSolution
		{F3F18713-2C1E-47E7-952B-4F08FB19393B}.Debug|Any CPU.ActiveCfg = Debug|Any CPU
		{F3F18713-2C1E-47E7-952B-4F08FB19393B}.Debug|Any CPU.Build.0 = Debug|Any CPU
		{F3F18713-2C1E-47E7-952B-4F08FB19393B}.Release|Any CPU.ActiveCfg = Release|Any CPU
		{F3F18713-2C1E-47E7-952B-4F08FB19393B}.Release|Any CPU.Build.0 = Release|Any CPU
		{32C923B0-48A8-4BC2-9EE2-8A32A9F11121}.Debug|Any CPU.ActiveCfg = Debug|Any CPU
		{32C923B0-48A8-4BC2-9EE2-8A32A9F11121}.Debug|Any CPU.Build.0 = Debug|Any CPU
		{32C923B0-48A8-4BC2-9EE2-8A32A9F11121}.Release|Any CPU.ActiveCfg = Release|Any CPU
		{32C923B0-48A8-4BC2-9EE2-8A32A9F11121}.Release|Any CPU.Build.0 = Release|Any CPU
	EndGlobalSection
	GlobalSection(SolutionProperties) = preSolution
		HideSolutionNode = FALSE
	EndGlobalSection
	GlobalSection(ExtensibilityGlobals) = postSolution
		SolutionGuid = {A0B66009-65AC-4844-9952-A8675A2A25C4}
	EndGlobalSection
EndGlobal
